// !$*UTF8*$!
{
	archiveVersion = 1;
	classes = {
	};
	objectVersion = 46;
	objects = {

/* Begin PBXBuildFile section */
		89038EF21D374628003AF953 /* main.m in Sources */ = {isa = PBXBuildFile; fileRef = 89038EF11D374628003AF953 /* main.m */; };
		89038EF51D374628003AF953 /* AppDelegate.m in Sources */ = {isa = PBXBuildFile; fileRef = 89038EF41D374628003AF953 /* AppDelegate.m */; };
		89038EF81D374628003AF953 /* ViewController.m in Sources */ = {isa = PBXBuildFile; fileRef = 89038EF71D374628003AF953 /* ViewController.m */; };
		89038EFB1D374628003AF953 /* Main.storyboard in Resources */ = {isa = PBXBuildFile; fileRef = 89038EF91D374628003AF953 /* Main.storyboard */; };
		89038EFE1D374628003AF953 /* AddressPickerView.xcdatamodeld in Sources */ = {isa = PBXBuildFile; fileRef = 89038EFC1D374628003AF953 /* AddressPickerView.xcdatamodeld */; };
		89038F001D374628003AF953 /* Assets.xcassets in Resources */ = {isa = PBXBuildFile; fileRef = 89038EFF1D374628003AF953 /* Assets.xcassets */; };
		89038F031D374628003AF953 /* LaunchScreen.storyboard in Resources */ = {isa = PBXBuildFile; fileRef = 89038F011D374628003AF953 /* LaunchScreen.storyboard */; };
		89038F111D374645003AF953 /* AddressPickerView.m in Sources */ = {isa = PBXBuildFile; fileRef = 89038F0C1D374645003AF953 /* AddressPickerView.m */; };
		89038F151D37464D003AF953 /* address.txt in Resources */ = {isa = PBXBuildFile; fileRef = 89038F141D37464D003AF953 /* address.txt */; };
/* End PBXBuildFile section */

/* Begin PBXFileReference section */
		89038EED1D374628003AF953 /* AddressPickerView.app */ = {isa = PBXFileReference; explicitFileType = wrapper.application; includeInIndex = 0; path = AddressPickerView.app; sourceTree = BUILT_PRODUCTS_DIR; };
		89038EF11D374628003AF953 /* main.m */ = {isa = PBXFileReference; lastKnownFileType = sourcecode.c.objc; path = main.m; sourceTree = "<group>"; };
		89038EF31D374628003AF953 /* AppDelegate.h */ = {isa = PBXFileReference; lastKnownFileType = sourcecode.c.h; path = AppDelegate.h; sourceTree = "<group>"; };
		89038EF41D374628003AF953 /* AppDelegate.m */ = {isa = PBXFileReference; lastKnownFileType = sourcecode.c.objc; path = AppDelegate.m; sourceTree = "<group>"; };
		89038EF61D374628003AF953 /* ViewController.h */ = {isa = PBXFileReference; lastKnownFileType = sourcecode.c.h; path = ViewController.h; sourceTree = "<group>"; };
		89038EF71D374628003AF953 /* ViewController.m */ = {isa = PBXFileReference; lastKnownFileType = sourcecode.c.objc; path = ViewController.m; sourceTree = "<group>"; };
		89038EFA1D374628003AF953 /* Base */ = {isa = PBXFileReference; lastKnownFileType = file.storyboard; name = Base; path = Base.lproj/Main.storyboard; sourceTree = "<group>"; };
		89038EFD1D374628003AF953 /* AddressPickerView.xcdatamodel */ = {isa = PBXFileReference; lastKnownFileType = wrapper.xcdatamodel; path = AddressPickerView.xcdatamodel; sourceTree = "<group>"; };
		89038EFF1D374628003AF953 /* Assets.xcassets */ = {isa = PBXFileReference; lastKnownFileType = folder.assetcatalog; path = Assets.xcassets; sourceTree = "<group>"; };
		89038F021D374628003AF953 /* Base */ = {isa = PBXFileReference; lastKnownFileType = file.storyboard; name = Base; path = Base.lproj/LaunchScreen.storyboard; sourceTree = "<group>"; };
		89038F041D374628003AF953 /* Info.plist */ = {isa = PBXFileReference; lastKnownFileType = text.plist.xml; path = Info.plist; sourceTree = "<group>"; };
		89038F0B1D374645003AF953 /* AddressPickerView.h */ = {isa = PBXFileReference; fileEncoding = 4; lastKnownFileType = sourcecode.c.h; path = AddressPickerView.h; sourceTree = "<group>"; };
		89038F0C1D374645003AF953 /* AddressPickerView.m */ = {isa = PBXFileReference; fileEncoding = 4; lastKnownFileType = sourcecode.c.objc; path = AddressPickerView.m; sourceTree = "<group>"; };
		89038F141D37464D003AF953 /* address.txt */ = {isa = PBXFileReference; fileEncoding = 4; lastKnownFileType = text; path = address.txt; sourceTree = "<group>"; };
/* End PBXFileReference section */

/* Begin PBXFrameworksBuildPhase section */
		89038EEA1D374628003AF953 /* Frameworks */ = {
			isa = PBXFrameworksBuildPhase;
			buildActionMask = 2147483647;
			files = (
			);
			runOnlyForDeploymentPostprocessing = 0;
		};
/* End PBXFrameworksBuildPhase section */

/* Begin PBXGroup section */
		89038EE41D374628003AF953 = {
			isa = PBXGroup;
			children = (
				89038EEF1D374628003AF953 /* AddressPickerView */,
				89038EEE1D374628003AF953 /* Products */,
			);
			sourceTree = "<group>";
		};
		89038EEE1D374628003AF953 /* Products */ = {
			isa = PBXGroup;
			children = (
				89038EED1D374628003AF953 /* AddressPickerView.app */,
			);
			name = Products;
			sourceTree = "<group>";
		};
		89038EEF1D374628003AF953 /* AddressPickerView */ = {
			isa = PBXGroup;
			children = (
				89038EF31D374628003AF953 /* AppDelegate.h */,
				89038EF41D374628003AF953 /* AppDelegate.m */,
				89038EF61D374628003AF953 /* ViewController.h */,
				89038EF71D374628003AF953 /* ViewController.m */,
				89038F0A1D374645003AF953 /* AddressPickerView */,
				89038EF91D374628003AF953 /* Main.storyboard */,
				89038EFF1D374628003AF953 /* Assets.xcassets */,
				89038F011D374628003AF953 /* LaunchScreen.storyboard */,
				89038F041D374628003AF953 /* Info.plist */,
				89038EFC1D374628003AF953 /* AddressPickerView.xcdatamodeld */,
				89038EF01D374628003AF953 /* Supporting Files */,
			);
			path = AddressPickerView;
			sourceTree = "<group>";
		};
		89038EF01D374628003AF953 /* Supporting Files */ = {
			isa = PBXGroup;
			children = (
				89038EF11D374628003AF953 /* main.m */,
			);
			name = "Supporting Files";
			sourceTree = "<group>";
		};
		89038F0A1D374645003AF953 /* AddressPickerView */ = {
			isa = PBXGroup;
			children = (
				89038F141D37464D003AF953 /* address.txt */,
				89038F0B1D374645003AF953 /* AddressPickerView.h */,
				89038F0C1D374645003AF953 /* AddressPickerView.m */,
			);
			path = AddressPickerView;
			sourceTree = "<group>";
		};
/* End PBXGroup section */

/* Begin PBXNativeTarget section */
		89038EEC1D374628003AF953 /* AddressPickerView */ = {
			isa = PBXNativeTarget;
			buildConfigurationList = 89038F071D374628003AF953 /* Build configuration list for PBXNativeTarget "AddressPickerView" */;
			buildPhases = (
				89038EE91D374628003AF953 /* Sources */,
				89038EEA1D374628003AF953 /* Frameworks */,
				89038EEB1D374628003AF953 /* Resources */,
			);
			buildRules = (
			);
			dependencies = (
			);
			name = AddressPickerView;
			productName = AddressPickerView;
			productReference = 89038EED1D374628003AF953 /* AddressPickerView.app */;
			productType = "com.apple.product-type.application";
		};
/* End PBXNativeTarget section */

/* Begin PBXProject section */
		89038EE51D374628003AF953 /* Project object */ = {
			isa = PBXProject;
			attributes = {
				LastUpgradeCheck = 0730;
				ORGANIZATIONNAME = wjh;
				TargetAttributes = {
					89038EEC1D374628003AF953 = {
						CreatedOnToolsVersion = 7.3;
					};
				};
			};
			buildConfigurationList = 89038EE81D374628003AF953 /* Build configuration list for PBXProject "AddressPickerView" */;
			compatibilityVersion = "Xcode 3.2";
			developmentRegion = English;
			hasScannedForEncodings = 0;
			knownRegions = (
				en,
				Base,
			);
			mainGroup = 89038EE41D374628003AF953;
			productRefGroup = 89038EEE1D374628003AF953 /* Products */;
			projectDirPath = "";
			projectRoot = "";
			targets = (
				89038EEC1D374628003AF953 /* AddressPickerView */,
			);
		};
/* End PBXProject section */

/* Begin PBXResourcesBuildPhase section */
		89038EEB1D374628003AF953 /* Resources */ = {
			isa = PBXResourcesBuildPhase;
			buildActionMask = 2147483647;
			files = (
				89038F031D374628003AF953 /* LaunchScreen.storyboard in Resources */,
				89038F001D374628003AF953 /* Assets.xcassets in Resources */,
				89038EFB1D374628003AF953 /* Main.storyboard in Resources */,
				89038F151D37464D003AF953 /* address.txt in Resources */,
			);
			runOnlyForDeploymentPostprocessing = 0;
		};
/* End PBXResourcesBuildPhase section */

/* Begin PBXSourcesBuildPhase section */
		89038EE91D374628003AF953 /* Sources */ = {
			isa = PBXSourcesBuildPhase;
			buildActionMask = 2147483647;
			files = (
				89038EF81D374628003AF953 /* ViewController.m in Sources */,
				89038EFE1D374628003AF953 /* AddressPickerView.xcdatamodeld in Sources */,
				89038F111D374645003AF953 /* AddressPickerView.m in Sources */,
				89038EF51D374628003AF953 /* AppDelegate.m in Sources */,
				89038EF21D374628003AF953 /* main.m in Sources */,
			);
			runOnlyForDeploymentPostprocessing = 0;
		};
/* End PBXSourcesBuildPhase section */

/* Begin PBXVariantGroup section */
		89038EF91D374628003AF953 /* Main.storyboard */ = {
			isa = PBXVariantGroup;
			children = (
				89038EFA1D374628003AF953 /* Base */,
			);
			name = Main.storyboard;
			sourceTree = "<group>";
		};
		89038F011D374628003AF953 /* LaunchScreen.storyboard */ = {
			isa = PBXVariantGroup;
			children = (
				89038F021D374628003AF953 /* Base */,
			);
			name = LaunchScreen.storyboard;
			sourceTree = "<group>";
		};
/* End PBXVariantGroup section */

/* Begin XCBuildConfiguration section */
		89038F051D374628003AF953 /* Debug */ = {
			isa = XCBuildConfiguration;
			buildSettings = {
				ALWAYS_SEARCH_USER_PATHS = NO;
				CLANG_ANALYZER_NONNULL = YES;
				CLANG_CXX_LANGUAGE_STANDARD = "gnu++0x";
				CLANG_CXX_LIBRARY = "libc++";
				CLANG_ENABLE_MODULES = YES;
				CLANG_ENABLE_OBJC_ARC = YES;
				CLANG_WARN_BOOL_CONVERSION = YES;
				CLANG_WARN_CONSTANT_CONVERSION = YES;
				CLANG_WARN_DIRECT_OBJC_ISA_USAGE = YES_ERROR;
				CLANG_WARN_EMPTY_BODY = YES;
				CLANG_WARN_ENUM_CONVERSION = YES;
				CLANG_WARN_INT_CONVERSION = YES;
				CLANG_WARN_OBJC_ROOT_CLASS = YES_ERROR;
				CLANG_WARN_UNREACHABLE_CODE = YES;
				CLANG_WARN__DUPLICATE_METHOD_MATCH = YES;
				"CODE_SIGN_IDENTITY[sdk=iphoneos*]" = "iPhone Developer";
				COPY_PHASE_STRIP = NO;
				DEBUG_INFORMATION_FORMAT = dwarf;
				ENABLE_STRICT_OBJC_MSGSEND = YES;
				ENABLE_TESTABILITY = YES;
				GCC_C_LANGUAGE_STANDARD = gnu99;
				GCC_DYNAMIC_NO_PIC = NO;
				GCC_NO_COMMON_BLOCKS = YES;
				GCC_OPTIMIZATION_LEVEL = 0;
				GCC_PREPROCESSOR_DEFINITIONS = (
					"DEBUG=1",
					"$(inherited)",
				);
				GCC_WARN_64_TO_32_BIT_CONVERSION = YES;
				GCC_WARN_ABOUT_RETURN_TYPE = YES_ERROR;
				GCC_WARN_UNDECLARED_SELECTOR = YES;
				GCC_WARN_UNINITIALIZED_AUTOS = YES_AGGRESSIVE;
				GCC_WARN_UNUSED_FUNCTION = YES;
				GCC_WARN_UNUSED_VARIABLE = YES;
				IPHONEOS_DEPLOYMENT_TARGET = 9.3;
				MTL_ENABLE_DEBUG_INFO = YES;
				ONLY_ACTIVE_ARCH = YES;
				SDKROOT = iphoneos;
				TARGETED_DEVICE_FAMILY = "1,2";
			};
			name = Debug;
		};
		89038F061D374628003AF953 /* Release */ = {
			isa = XCBuildConfiguration;
			buildSettings = {
				ALWAYS_SEARCH_USER_PATHS = NO;
				CLANG_ANALYZER_NONNULL = YES;
				CLANG_CXX_LANGUAGE_STANDARD = "gnu++0x";
				CLANG_CXX_LIBRARY = "libc++";
				CLANG_ENABLE_MODULES = YES;
				CLANG_ENABLE_OBJC_ARC = YES;
				CLANG_WARN_BOOL_CONVERSION = YES;
				CLANG_WARN_CONSTANT_CONVERSION = YES;
				CLANG_WARN_DIRECT_OBJC_ISA_USAGE = YES_ERROR;
				CLANG_WARN_EMPTY_BODY = YES;
				CLANG_WARN_ENUM_CONVERSION = YES;
				CLANG_WARN_INT_CONVERSION = YES;
				CLANG_WARN_OBJC_ROOT_CLASS = YES_ERROR;
				CLANG_WARN_UNREACHABLE_CODE = YES;
				CLANG_WARN__DUPLICATE_METHOD_MATCH = YES;
				"CODE_SIGN_IDENTITY[sdk=iphoneos*]" = "iPhone Developer";
				COPY_PHASE_STRIP = NO;
				DEBUG_INFORMATION_FORMAT = "dwarf-with-dsym";
				ENABLE_NS_ASSERTIONS = NO;
				ENABLE_STRICT_OBJC_MSGSEND = YES;
				GCC_C_LANGUAGE_STANDARD = gnu99;
				GCC_NO_COMMON_BLOCKS = YES;
				GCC_WARN_64_TO_32_BIT_CONVERSION = YES;
				GCC_WARN_ABOUT_RETURN_TYPE = YES_ERROR;
				GCC_WARN_UNDECLARED_SELECTOR = YES;
				GCC_WARN_UNINITIALIZED_AUTOS = YES_AGGRESSIVE;
				GCC_WARN_UNUSED_FUNCTION = YES;
				GCC_WARN_UNUSED_VARIABLE = YES;
				IPHONEOS_DEPLOYMENT_TARGET = 9.3;
				MTL_ENABLE_DEBUG_INFO = NO;
				SDKROOT = iphoneos;
				TARGETED_DEVICE_FAMILY = "1,2";
				VALIDATE_PRODUCT = YES;
			};
			name = Release;
		};
		89038F081D374628003AF953 /* Debug */ = {
			isa = XCBuildConfiguration;
			buildSettings = {
				ASSETCATALOG_COMPILER_APPICON_NAME = AppIcon;
				DEVELOPMENT_TEAM = "";
				INFOPLIST_FILE = AddressPickerView/Info.plist;
				LD_RUNPATH_SEARCH_PATHS = "$(inherited) @executable_path/Frameworks";
				PRODUCT_BUNDLE_IDENTIFIER = jonhory.AddressPickerView;
				PRODUCT_NAME = "$(TARGET_NAME)";
			};
			name = Debug;
		};
		89038F091D374628003AF953 /* Release */ = {
			isa = XCBuildConfiguration;
			buildSettings = {
				ASSETCATALOG_COMPILER_APPICON_NAME = AppIcon;
				DEVELOPMENT_TEAM = "";
				INFOPLIST_FILE = AddressPickerView/Info.plist;
				LD_RUNPATH_SEARCH_PATHS = "$(inherited) @executable_path/Frameworks";
				PRODUCT_BUNDLE_IDENTIFIER = jonhory.AddressPickerView;
				PRODUCT_NAME = "$(TARGET_NAME)";
			};
			name = Release;
		};
/* End XCBuildConfiguration section */

/* Begin XCConfigurationList section */
		89038EE81D374628003AF953 /* Build configuration list for PBXProject "AddressPickerView" */ = {
			isa = XCConfigurationList;
			buildConfigurations = (
				89038F051D374628003AF953 /* Debug */,
				89038F061D374628003AF953 /* Release */,
			);
			defaultConfigurationIsVisible = 0;
			defaultConfigurationName = Release;
		};
		89038F071D374628003AF953 /* Build configuration list for PBXNativeTarget "AddressPickerView" */ = {
			isa = XCConfigurationList;
			buildConfigurations = (
				89038F081D374628003AF953 /* Debug */,
				89038F091D374628003AF953 /* Release */,
			);
			defaultConfigurationIsVisible = 0;
			defaultConfigurationName = Release;
		};
/* End XCConfigurationList section */

/* Begin XCVersionGroup section */
		89038EFC1D374628003AF953 /* AddressPickerView.xcdatamodeld */ = {
			isa = XCVersionGroup;
			children = (
				89038EFD1D374628003AF953 /* AddressPickerView.xcdatamodel */,
			);
			currentVersion = 89038EFD1D374628003AF953 /* AddressPickerView.xcdatamodel */;
			path = AddressPickerView.xcdatamodeld;
			sourceTree = "<group>";
			versionGroupType = wrapper.xcdatamodel;
		};
/* End XCVersionGroup section */
	};
	rootObject = 89038EE51D374628003AF953 /* Project object */;
}
